
Microsoft Visual Studio Solution File, Format Version 12.00
# Visual Studio Version 17
VisualStudioVersion = 17.5.002.0
MinimumVisualStudioVersion = 10.0.40219.1
Project("{9A19103F-16F7-4668-BE54-9A1E7A4F7556}") = "LKLBAITHILAI", "LKLBAITHILAI.csproj", "{15EF23BE-1A40-4B6F-B1A3-F4C79CCDEDBF}"
EndProject
Global
	GlobalSection(SolutionConfigurationPlatforms) = preSolution
		Debug|Any CPU = Debug|Any CPU
		Release|Any CPU = Release|Any CPU
	EndGlobalSection
	GlobalSection(ProjectConfigurationPlatforms) = postSolution
		{15EF23BE-1A40-4B6F-B1A3-F4C79CCDEDBF}.Debug|Any CPU.ActiveCfg = Debug|Any CPU
		{15EF23BE-1A40-4B6F-B1A3-F4C79CCDEDBF}.Debug|Any CPU.Build.0 = Debug|Any CPU
		{15EF23BE-1A40-4B6F-B1A3-F4C79CCDEDBF}.Release|Any CPU.ActiveCfg = Release|Any CPU
		{15EF23BE-1A40-4B6F-B1A3-F4C79CCDEDBF}.Release|Any CPU.Build.0 = Release|Any CPU
	EndGlobalSection
	GlobalSection(SolutionProperties) = preSolution
		HideSolutionNode = FALSE
	EndGlobalSection
	GlobalSection(ExtensibilityGlobals) = postSolution
		SolutionGuid = {5E87AAF9-79B9-4030-A539-B1458C71A0CC}
	EndGlobalSection
EndGlobal
